// !$*UTF8*$!
{
	archiveVersion = 1;
	classes = {
	};
	objectVersion = 50;
	objects = {

/* Begin PBXBuildFile section */
		11034A5E21972D6E00EAA7F8 /* ClassPlan.swift in Sources */ = {isa = PBXBuildFile; fileRef = 11034A5D21972D6E00EAA7F8 /* ClassPlan.swift */; };
		11034A6021972EF400EAA7F8 /* class_TableViewCell.swift in Sources */ = {isa = PBXBuildFile; fileRef = 11034A5F21972EF400EAA7F8 /* class_TableViewCell.swift */; };
		11049FF4218DFEB100D78D0A /* AppDelegate.swift in Sources */ = {isa = PBXBuildFile; fileRef = 11049FF3218DFEB100D78D0A /* AppDelegate.swift */; };
		11049FF9218DFEB100D78D0A /* Main.storyboard in Resources */ = {isa = PBXBuildFile; fileRef = 11049FF7218DFEB100D78D0A /* Main.storyboard */; };
		11049FFC218DFEB100D78D0A /* LearnStudents.xcdatamodeld in Sources */ = {isa = PBXBuildFile; fileRef = 11049FFA218DFEB100D78D0A /* LearnStudents.xcdatamodeld */; };
		11049FFE218DFEB300D78D0A /* Assets.xcassets in Resources */ = {isa = PBXBuildFile; fileRef = 11049FFD218DFEB300D78D0A /* Assets.xcassets */; };
		1104A001218DFEB300D78D0A /* LaunchScreen.storyboard in Resources */ = {isa = PBXBuildFile; fileRef = 11049FFF218DFEB300D78D0A /* LaunchScreen.storyboard */; };
		1104A00B218E003C00D78D0A /* Class_TableViewController.swift in Sources */ = {isa = PBXBuildFile; fileRef = 1104A00A218E003C00D78D0A /* Class_TableViewController.swift */; };
		1104A00D218E031A00D78D0A /* addClass_ViewController.swift in Sources */ = {isa = PBXBuildFile; fileRef = 1104A00C218E031A00D78D0A /* addClass_ViewController.swift */; };
		1104A00F218E045700D78D0A /* addClassVC_CoreData.swift in Sources */ = {isa = PBXBuildFile; fileRef = 1104A00E218E045700D78D0A /* addClassVC_CoreData.swift */; };
		11555FF522209422008DDE4F /* Class_TV_CoreData.swift in Sources */ = {isa = PBXBuildFile; fileRef = 11555FF422209422008DDE4F /* Class_TV_CoreData.swift */; };
/* End PBXBuildFile section */

/* Begin PBXFileReference section */
		11034A5D21972D6E00EAA7F8 /* ClassPlan.swift */ = {isa = PBXFileReference; lastKnownFileType = sourcecode.swift; path = ClassPlan.swift; sourceTree = "<group>"; };
		11034A5F21972EF400EAA7F8 /* class_TableViewCell.swift */ = {isa = PBXFileReference; lastKnownFileType = sourcecode.swift; path = class_TableViewCell.swift; sourceTree = "<group>"; };
		11049FF0218DFEB100D78D0A /* LearnStudents.app */ = {isa = PBXFileReference; explicitFileType = wrapper.application; includeInIndex = 0; path = LearnStudents.app; sourceTree = BUILT_PRODUCTS_DIR; };
		11049FF3218DFEB100D78D0A /* AppDelegate.swift */ = {isa = PBXFileReference; lastKnownFileType = sourcecode.swift; path = AppDelegate.swift; sourceTree = "<group>"; };
		11049FF8218DFEB100D78D0A /* Base */ = {isa = PBXFileReference; lastKnownFileType = file.storyboard; name = Base; path = Base.lproj/Main.storyboard; sourceTree = "<group>"; };
		11049FFB218DFEB100D78D0A /* LearnStudents.xcdatamodel */ = {isa = PBXFileReference; lastKnownFileType = wrapper.xcdatamodel; path = LearnStudents.xcdatamodel; sourceTree = "<group>"; };
		11049FFD218DFEB300D78D0A /* Assets.xcassets */ = {isa = PBXFileReference; lastKnownFileType = folder.assetcatalog; path = Assets.xcassets; sourceTree = "<group>"; };
		1104A000218DFEB300D78D0A /* Base */ = {isa = PBXFileReference; lastKnownFileType = file.storyboard; name = Base; path = Base.lproj/LaunchScreen.storyboard; sourceTree = "<group>"; };
		1104A002218DFEB300D78D0A /* Info.plist */ = {isa = PBXFileReference; lastKnownFileType = text.plist.xml; path = Info.plist; sourceTree = "<group>"; };
		1104A00A218E003C00D78D0A /* Class_TableViewController.swift */ = {isa = PBXFileReference; lastKnownFileType = sourcecode.swift; path = Class_TableViewController.swift; sourceTree = "<group>"; };
		1104A00C218E031A00D78D0A /* addClass_ViewController.swift */ = {isa = PBXFileReference; lastKnownFileType = sourcecode.swift; path = addClass_ViewController.swift; sourceTree = "<group>"; };
		1104A00E218E045700D78D0A /* addClassVC_CoreData.swift */ = {isa = PBXFileReference; lastKnownFileType = sourcecode.swift; path = addClassVC_CoreData.swift; sourceTree = "<group>"; };
		11555FF422209422008DDE4F /* Class_TV_CoreData.swift */ = {isa = PBXFileReference; lastKnownFileType = sourcecode.swift; path = Class_TV_CoreData.swift; sourceTree = "<group>"; };
/* End PBXFileReference section */

/* Begin PBXFrameworksBuildPhase section */
		11049FED218DFEB100D78D0A /* Frameworks */ = {
			isa = PBXFrameworksBuildPhase;
			buildActionMask = 2147483647;
			files = (
			);
			runOnlyForDeploymentPostprocessing = 0;
		};
/* End PBXFrameworksBuildPhase section */

/* Begin PBXGroup section */
		11049FE7218DFEB100D78D0A = {
			isa = PBXGroup;
			children = (
				11049FF2218DFEB100D78D0A /* LearnStudents */,
				11049FF1218DFEB100D78D0A /* Products */,
			);
			sourceTree = "<group>";
		};
		11049FF1218DFEB100D78D0A /* Products */ = {
			isa = PBXGroup;
			children = (
				11049FF0218DFEB100D78D0A /* LearnStudents.app */,
			);
			name = Products;
			sourceTree = "<group>";
		};
		11049FF2218DFEB100D78D0A /* LearnStudents */ = {
			isa = PBXGroup;
			children = (
				11049FF3218DFEB100D78D0A /* AppDelegate.swift */,
				11049FF7218DFEB100D78D0A /* Main.storyboard */,
				1104A00E218E045700D78D0A /* addClassVC_CoreData.swift */,
				1104A00C218E031A00D78D0A /* addClass_ViewController.swift */,
				1104A00A218E003C00D78D0A /* Class_TableViewController.swift */,
				11555FF422209422008DDE4F /* Class_TV_CoreData.swift */,
				11034A5D21972D6E00EAA7F8 /* ClassPlan.swift */,
				11034A5F21972EF400EAA7F8 /* class_TableViewCell.swift */,
				11049FFD218DFEB300D78D0A /* Assets.xcassets */,
				11049FFF218DFEB300D78D0A /* LaunchScreen.storyboard */,
				1104A002218DFEB300D78D0A /* Info.plist */,
				11049FFA218DFEB100D78D0A /* LearnStudents.xcdatamodeld */,
			);
			path = LearnStudents;
			sourceTree = "<group>";
		};
/* End PBXGroup section */

/* Begin PBXNativeTarget section */
		11049FEF218DFEB100D78D0A /* LearnStudents */ = {
			isa = PBXNativeTarget;
			buildConfigurationList = 1104A005218DFEB300D78D0A /* Build configuration list for PBXNativeTarget "LearnStudents" */;
			buildPhases = (
				11049FEC218DFEB100D78D0A /* Sources */,
				11049FED218DFEB100D78D0A /* Frameworks */,
				11049FEE218DFEB100D78D0A /* Resources */,
			);
			buildRules = (
			);
			dependencies = (
			);
			name = LearnStudents;
			productName = LearnStudents;
			productReference = 11049FF0218DFEB100D78D0A /* LearnStudents.app */;
			productType = "com.apple.product-type.application";
		};
/* End PBXNativeTarget section */

/* Begin PBXProject section */
		11049FE8218DFEB100D78D0A /* Project object */ = {
			isa = PBXProject;
			attributes = {
				LastSwiftUpdateCheck = 1000;
				LastUpgradeCheck = 1000;
				ORGANIZATIONNAME = "Alexander Meinecke";
				TargetAttributes = {
					11049FEF218DFEB100D78D0A = {
						CreatedOnToolsVersion = 10.0;
					};
				};
			};
			buildConfigurationList = 11049FEB218DFEB100D78D0A /* Build configuration list for PBXProject "LearnStudents" */;
			compatibilityVersion = "Xcode 9.3";
			developmentRegion = en;
			hasScannedForEncodings = 0;
			knownRegions = (
				en,
				Base,
			);
			mainGroup = 11049FE7218DFEB100D78D0A;
			productRefGroup = 11049FF1218DFEB100D78D0A /* Products */;
			projectDirPath = "";
			projectRoot = "";
			targets = (
				11049FEF218DFEB100D78D0A /* LearnStudents */,
			);
		};
/* End PBXProject section */

/* Begin PBXResourcesBuildPhase section */
		11049FEE218DFEB100D78D0A /* Resources */ = {
			isa = PBXResourcesBuildPhase;
			buildActionMask = 2147483647;
			files = (
				1104A001218DFEB300D78D0A /* LaunchScreen.storyboard in Resources */,
				11049FFE218DFEB300D78D0A /* Assets.xcassets in Resources */,
				11049FF9218DFEB100D78D0A /* Main.storyboard in Resources */,
			);
			runOnlyForDeploymentPostprocessing = 0;
		};
/* End PBXResourcesBuildPhase section */

/* Begin PBXSourcesBuildPhase section */
		11049FEC218DFEB100D78D0A /* Sources */ = {
			isa = PBXSourcesBuildPhase;
			buildActionMask = 2147483647;
			files = (
				11034A5E21972D6E00EAA7F8 /* ClassPlan.swift in Sources */,
				11034A6021972EF400EAA7F8 /* class_TableViewCell.swift in Sources */,
				1104A00B218E003C00D78D0A /* Class_TableViewController.swift in Sources */,
				11555FF522209422008DDE4F /* Class_TV_CoreData.swift in Sources */,
				1104A00D218E031A00D78D0A /* addClass_ViewController.swift in Sources */,
				11049FF4218DFEB100D78D0A /* AppDelegate.swift in Sources */,
				11049FFC218DFEB100D78D0A /* LearnStudents.xcdatamodeld in Sources */,
				1104A00F218E045700D78D0A /* addClassVC_CoreData.swift in Sources */,
			);
			runOnlyForDeploymentPostprocessing = 0;
		};
/* End PBXSourcesBuildPhase section */

/* Begin PBXVariantGroup section */
		11049FF7218DFEB100D78D0A /* Main.storyboard */ = {
			isa = PBXVariantGroup;
			children = (
				11049FF8218DFEB100D78D0A /* Base */,
			);
			name = Main.storyboard;
			sourceTree = "<group>";
		};
		11049FFF218DFEB300D78D0A /* LaunchScreen.storyboard */ = {
			isa = PBXVariantGroup;
			children = (
				1104A000218DFEB300D78D0A /* Base */,
			);
			name = LaunchScreen.storyboard;
			sourceTree = "<group>";
		};
/* End PBXVariantGroup section */

/* Begin XCBuildConfiguration section */
		1104A003218DFEB300D78D0A /* Debug */ = {
			isa = XCBuildConfiguration;
			buildSettings = {
				ALWAYS_SEARCH_USER_PATHS = NO;
				CLANG_ANALYZER_NONNULL = YES;
				CLANG_ANALYZER_NUMBER_OBJECT_CONVERSION = YES_AGGRESSIVE;
				CLANG_CXX_LANGUAGE_STANDARD = "gnu++14";
				CLANG_CXX_LIBRARY = "libc++";
				CLANG_ENABLE_MODULES = YES;
				CLANG_ENABLE_OBJC_ARC = YES;
				CLANG_ENABLE_OBJC_WEAK = YES;
				CLANG_WARN_BLOCK_CAPTURE_AUTORELEASING = YES;
				CLANG_WARN_BOOL_CONVERSION = YES;
				CLANG_WARN_COMMA = YES;
				CLANG_WARN_CONSTANT_CONVERSION = YES;
				CLANG_WARN_DEPRECATED_OBJC_IMPLEMENTATIONS = YES;
				CLANG_WARN_DIRECT_OBJC_ISA_USAGE = YES_ERROR;
				CLANG_WARN_DOCUMENTATION_COMMENTS = YES;
				CLANG_WARN_EMPTY_BODY = YES;
				CLANG_WARN_ENUM_CONVERSION = YES;
				CLANG_WARN_INFINITE_RECURSION = YES;
				CLANG_WARN_INT_CONVERSION = YES;
				CLANG_WARN_NON_LITERAL_NULL_CONVERSION = YES;
				CLANG_WARN_OBJC_IMPLICIT_RETAIN_SELF = YES;
				CLANG_WARN_OBJC_LITERAL_CONVERSION = YES;
				CLANG_WARN_OBJC_ROOT_CLASS = YES_ERROR;
				CLANG_WARN_RANGE_LOOP_ANALYSIS = YES;
				CLANG_WARN_STRICT_PROTOTYPES = YES;
				CLANG_WARN_SUSPICIOUS_MOVE = YES;
				CLANG_WARN_UNGUARDED_AVAILABILITY = YES_AGGRESSIVE;
				CLANG_WARN_UNREACHABLE_CODE = YES;
				CLANG_WARN__DUPLICATE_METHOD_MATCH = YES;
				CODE_SIGN_IDENTITY = "iPhone Developer";
				COPY_PHASE_STRIP = NO;
				DEBUG_INFORMATION_FORMAT = dwarf;
				ENABLE_STRICT_OBJC_MSGSEND = YES;
				ENABLE_TESTABILITY = YES;
				GCC_C_LANGUAGE_STANDARD = gnu11;
				GCC_DYNAMIC_NO_PIC = NO;
				GCC_NO_COMMON_BLOCKS = YES;
				GCC_OPTIMIZATION_LEVEL = 0;
				GCC_PREPROCESSOR_DEFINITIONS = (
					"DEBUG=1",
					"$(inherited)",
				);
				GCC_WARN_64_TO_32_BIT_CONVERSION = YES;
				GCC_WARN_ABOUT_RETURN_TYPE = YES_ERROR;
				GCC_WARN_UNDECLARED_SELECTOR = YES;
				GCC_WARN_UNINITIALIZED_AUTOS = YES_AGGRESSIVE;
				GCC_WARN_UNUSED_FUNCTION = YES;
				GCC_WARN_UNUSED_VARIABLE = YES;
				IPHONEOS_DEPLOYMENT_TARGET = 12.0;
				MTL_ENABLE_DEBUG_INFO = INCLUDE_SOURCE;
				MTL_FAST_MATH = YES;
				ONLY_ACTIVE_ARCH = YES;
				SDKROOT = iphoneos;
				SWIFT_ACTIVE_COMPILATION_CONDITIONS = DEBUG;
				SWIFT_OPTIMIZATION_LEVEL = "-Onone";
			};
			name = Debug;
		};
		1104A004218DFEB300D78D0A /* Release */ = {
			isa = XCBuildConfiguration;
			buildSettings = {
				ALWAYS_SEARCH_USER_PATHS = NO;
				CLANG_ANALYZER_NONNULL = YES;
				CLANG_ANALYZER_NUMBER_OBJECT_CONVERSION = YES_AGGRESSIVE;
				CLANG_CXX_LANGUAGE_STANDARD = "gnu++14";
				CLANG_CXX_LIBRARY = "libc++";
				CLANG_ENABLE_MODULES = YES;
				CLANG_ENABLE_OBJC_ARC = YES;
				CLANG_ENABLE_OBJC_WEAK = YES;
				CLANG_WARN_BLOCK_CAPTURE_AUTORELEASING = YES;
				CLANG_WARN_BOOL_CONVERSION = YES;
				CLANG_WARN_COMMA = YES;
				CLANG_WARN_CONSTANT_CONVERSION = YES;
				CLANG_WARN_DEPRECATED_OBJC_IMPLEMENTATIONS = YES;
				CLANG_WARN_DIRECT_OBJC_ISA_USAGE = YES_ERROR;
				CLANG_WARN_DOCUMENTATION_COMMENTS = YES;
				CLANG_WARN_EMPTY_BODY = YES;
				CLANG_WARN_ENUM_CONVERSION = YES;
				CLANG_WARN_INFINITE_RECURSION = YES;
				CLANG_WARN_INT_CONVERSION = YES;
				CLANG_WARN_NON_LITERAL_NULL_CONVERSION = YES;
				CLANG_WARN_OBJC_IMPLICIT_RETAIN_SELF = YES;
				CLANG_WARN_OBJC_LITERAL_CONVERSION = YES;
				CLANG_WARN_OBJC_ROOT_CLASS = YES_ERROR;
				CLANG_WARN_RANGE_LOOP_ANALYSIS = YES;
				CLANG_WARN_STRICT_PROTOTYPES = YES;
				CLANG_WARN_SUSPICIOUS_MOVE = YES;
				CLANG_WARN_UNGUARDED_AVAILABILITY = YES_AGGRESSIVE;
				CLANG_WARN_UNREACHABLE_CODE = YES;
				CLANG_WARN__DUPLICATE_METHOD_MATCH = YES;
				CODE_SIGN_IDENTITY = "iPhone Developer";
				COPY_PHASE_STRIP = NO;
				DEBUG_INFORMATION_FORMAT = "dwarf-with-dsym";
				ENABLE_NS_ASSERTIONS = NO;
				ENABLE_STRICT_OBJC_MSGSEND = YES;
				GCC_C_LANGUAGE_STANDARD = gnu11;
				GCC_NO_COMMON_BLOCKS = YES;
				GCC_WARN_64_TO_32_BIT_CONVERSION = YES;
				GCC_WARN_ABOUT_RETURN_TYPE = YES_ERROR;
				GCC_WARN_UNDECLARED_SELECTOR = YES;
				GCC_WARN_UNINITIALIZED_AUTOS = YES_AGGRESSIVE;
				GCC_WARN_UNUSED_FUNCTION = YES;
				GCC_WARN_UNUSED_VARIABLE = YES;
				IPHONEOS_DEPLOYMENT_TARGET = 12.0;
				MTL_ENABLE_DEBUG_INFO = NO;
				MTL_FAST_MATH = YES;
				SDKROOT = iphoneos;
				SWIFT_COMPILATION_MODE = wholemodule;
				SWIFT_OPTIMIZATION_LEVEL = "-O";
				VALIDATE_PRODUCT = YES;
			};
			name = Release;
		};
		1104A006218DFEB300D78D0A /* Debug */ = {
			isa = XCBuildConfiguration;
			buildSettings = {
				ASSETCATALOG_COMPILER_APPICON_NAME = AppIcon;
				CODE_SIGN_STYLE = Automatic;
				DEVELOPMENT_TEAM = GQQZS53FAJ;
				INFOPLIST_FILE = LearnStudents/Info.plist;
				LD_RUNPATH_SEARCH_PATHS = (
					"$(inherited)",
					"@executable_path/Frameworks",
				);
				PRODUCT_BUNDLE_IDENTIFIER = myDevelopStudio.LearnStudents;
				PRODUCT_NAME = "$(TARGET_NAME)";
				SWIFT_VERSION = 4.2;
				TARGETED_DEVICE_FAMILY = "1,2";
			};
			name = Debug;
		};
		1104A007218DFEB300D78D0A /* Release */ = {
			isa = XCBuildConfiguration;
			buildSettings = {
				ASSETCATALOG_COMPILER_APPICON_NAME = AppIcon;
				CODE_SIGN_STYLE = Automatic;
				DEVELOPMENT_TEAM = GQQZS53FAJ;
				INFOPLIST_FILE = LearnStudents/Info.plist;
				LD_RUNPATH_SEARCH_PATHS = (
					"$(inherited)",
					"@executable_path/Frameworks",
				);
				PRODUCT_BUNDLE_IDENTIFIER = myDevelopStudio.LearnStudents;
				PRODUCT_NAME = "$(TARGET_NAME)";
				SWIFT_VERSION = 4.2;
				TARGETED_DEVICE_FAMILY = "1,2";
			};
			name = Release;
		};
/* End XCBuildConfiguration section */

/* Begin XCConfigurationList section */
		11049FEB218DFEB100D78D0A /* Build configuration list for PBXProject "LearnStudents" */ = {
			isa = XCConfigurationList;
			buildConfigurations = (
				1104A003218DFEB300D78D0A /* Debug */,
				1104A004218DFEB300D78D0A /* Release */,
			);
			defaultConfigurationIsVisible = 0;
			defaultConfigurationName = Release;
		};
		1104A005218DFEB300D78D0A /* Build configuration list for PBXNativeTarget "LearnStudents" */ = {
			isa = XCConfigurationList;
			buildConfigurations = (
				1104A006218DFEB300D78D0A /* Debug */,
				1104A007218DFEB300D78D0A /* Release */,
			);
			defaultConfigurationIsVisible = 0;
			defaultConfigurationName = Release;
		};
/* End XCConfigurationList section */

/* Begin XCVersionGroup section */
		11049FFA218DFEB100D78D0A /* LearnStudents.xcdatamodeld */ = {
			isa = XCVersionGroup;
			children = (
				11049FFB218DFEB100D78D0A /* LearnStudents.xcdatamodel */,
			);
			currentVersion = 11049FFB218DFEB100D78D0A /* LearnStudents.xcdatamodel */;
			path = LearnStudents.xcdatamodeld;
			sourceTree = "<group>";
			versionGroupType = wrapper.xcdatamodel;
		};
/* End XCVersionGroup section */
	};
	rootObject = 11049FE8218DFEB100D78D0A /* Project object */;
}
